
Microsoft Visual Studio Solution File, Format Version 12.00
# Visual Studio Version 17
VisualStudioVersion = 17.14.36408.4
MinimumVisualStudioVersion = 10.0.40219.1
Project("{FAE04EC0-301F-11D3-BF4B-00C04F79EFBC}") = "Veterinary.Shared", "Veterinary.Shared\Veterinary.Shared.csproj", "{24337702-09A2-47C2-83E9-9EF3C768C3CB}"
EndProject
Project("{FAE04EC0-301F-11D3-BF4B-00C04F79EFBC}") = "Veterinary.API", "Veterinary.API\Veterinary.API.csproj", "{AE044F28-381B-45ED-AE47-C545F5E124E3}"
EndProject
Global
	GlobalSection(SolutionConfigurationPlatforms) = preSolution
		Debug|Any CPU = Debug|Any CPU
		Release|Any CPU = Release|Any CPU
	EndGlobalSection
	GlobalSection(ProjectConfigurationPlatforms) = postSolution
		{24337702-09A2-47C2-83E9-9EF3C768C3CB}.Debug|Any CPU.ActiveCfg = Debug|Any CPU
		{24337702-09A2-47C2-83E9-9EF3C768C3CB}.Debug|Any CPU.Build.0 = Debug|Any CPU
		{24337702-09A2-47C2-83E9-9EF3C768C3CB}.Release|Any CPU.ActiveCfg = Release|Any CPU
		{24337702-09A2-47C2-83E9-9EF3C768C3CB}.Release|Any CPU.Build.0 = Release|Any CPU
		{AE044F28-381B-45ED-AE47-C545F5E124E3}.Debug|Any CPU.ActiveCfg = Debug|Any CPU
		{AE044F28-381B-45ED-AE47-C545F5E124E3}.Debug|Any CPU.Build.0 = Debug|Any CPU
		{AE044F28-381B-45ED-AE47-C545F5E124E3}.Release|Any CPU.ActiveCfg = Release|Any CPU
		{AE044F28-381B-45ED-AE47-C545F5E124E3}.Release|Any CPU.Build.0 = Release|Any CPU
	EndGlobalSection
	GlobalSection(SolutionProperties) = preSolution
		HideSolutionNode = FALSE
	EndGlobalSection
	GlobalSection(ExtensibilityGlobals) = postSolution
		SolutionGuid = {C8044BF7-F242-4644-A8BD-E1CA53BBAAE8}
	EndGlobalSection
EndGlobal
